
Microsoft Visual Studio Solution File, Format Version 12.00
# Visual Studio 15
VisualStudioVersion = 15.0.27130.2010
MinimumVisualStudioVersion = 10.0.40219.1
Project("{FAE04EC0-301F-11D3-BF4B-00C04F79EFBC}") = "ExcelCore", "ExcelCore\ExcelCore.csproj", "{E466CE1E-F629-4EC9-B071-86CB38F43897}"
EndProject
Project("{FAE04EC0-301F-11D3-BF4B-00C04F79EFBC}") = "ExcelCoreTests", "ExcelCoreTests\ExcelCoreTests.csproj", "{C476F218-EAB5-4436-BD28-E757F52D2779}"
EndProject
Global
	GlobalSection(SolutionConfigurationPlatforms) = preSolution
		Debug|Any CPU = Debug|Any CPU
		Release|Any CPU = Release|Any CPU
	EndGlobalSection
	GlobalSection(ProjectConfigurationPlatforms) = postSolution
		{E466CE1E-F629-4EC9-B071-86CB38F43897}.Debug|Any CPU.ActiveCfg = Debug|Any CPU
		{E466CE1E-F629-4EC9-B071-86CB38F43897}.Debug|Any CPU.Build.0 = Debug|Any CPU
		{E466CE1E-F629-4EC9-B071-86CB38F43897}.Release|Any CPU.ActiveCfg = Release|Any CPU
		{E466CE1E-F629-4EC9-B071-86CB38F43897}.Release|Any CPU.Build.0 = Release|Any CPU
		{C476F218-EAB5-4436-BD28-E757F52D2779}.Debug|Any CPU.ActiveCfg = Debug|Any CPU
		{C476F218-EAB5-4436-BD28-E757F52D2779}.Debug|Any CPU.Build.0 = Debug|Any CPU
		{C476F218-EAB5-4436-BD28-E757F52D2779}.Release|Any CPU.ActiveCfg = Release|Any CPU
		{C476F218-EAB5-4436-BD28-E757F52D2779}.Release|Any CPU.Build.0 = Release|Any CPU
	EndGlobalSection
	GlobalSection(SolutionProperties) = preSolution
		HideSolutionNode = FALSE
	EndGlobalSection
	GlobalSection(ExtensibilityGlobals) = postSolution
		SolutionGuid = {8F450456-8AAA-4A99-9F4B-A4385ECE6DAA}
	EndGlobalSection
EndGlobal
